
Microsoft Visual Studio Solution File, Format Version 12.00
Project("{FAE04EC0-301F-11D3-BF4B-00C04F79EFBC}") = "Generics", "Generics\Generics.csproj", "{09DF15AD-971B-4BB3-BAEA-D4226A34C0E1}"
EndProject
Global
	GlobalSection(SolutionConfigurationPlatforms) = preSolution
		Debug|Any CPU = Debug|Any CPU
		Release|Any CPU = Release|Any CPU
	EndGlobalSection
	GlobalSection(ProjectConfigurationPlatforms) = postSolution
		{09DF15AD-971B-4BB3-BAEA-D4226A34C0E1}.Debug|Any CPU.ActiveCfg = Debug|Any CPU
		{09DF15AD-971B-4BB3-BAEA-D4226A34C0E1}.Debug|Any CPU.Build.0 = Debug|Any CPU
		{09DF15AD-971B-4BB3-BAEA-D4226A34C0E1}.Release|Any CPU.ActiveCfg = Release|Any CPU
		{09DF15AD-971B-4BB3-BAEA-D4226A34C0E1}.Release|Any CPU.Build.0 = Release|Any CPU
	EndGlobalSection
EndGlobal
